
Microsoft Visual Studio Solution File, Format Version 12.00
# Visual Studio Version 17
VisualStudioVersion = 17.4.33205.214
MinimumVisualStudioVersion = 10.0.40219.1
Project("{FAE04EC0-301F-11D3-BF4B-00C04F79EFBC}") = "Labwork 13.02.2023", "Labwork 13.02.2023.csproj", "{90C97BE7-3E17-41D2-B949-AF48971E38C7}"
EndProject
Global
	GlobalSection(SolutionConfigurationPlatforms) = preSolution
		Debug|Any CPU = Debug|Any CPU
		Release|Any CPU = Release|Any CPU
	EndGlobalSection
	GlobalSection(ProjectConfigurationPlatforms) = postSolution
		{90C97BE7-3E17-41D2-B949-AF48971E38C7}.Debug|Any CPU.ActiveCfg = Debug|Any CPU
		{90C97BE7-3E17-41D2-B949-AF48971E38C7}.Debug|Any CPU.Build.0 = Debug|Any CPU
		{90C97BE7-3E17-41D2-B949-AF48971E38C7}.Release|Any CPU.ActiveCfg = Release|Any CPU
		{90C97BE7-3E17-41D2-B949-AF48971E38C7}.Release|Any CPU.Build.0 = Release|Any CPU
	EndGlobalSection
	GlobalSection(SolutionProperties) = preSolution
		HideSolutionNode = FALSE
	EndGlobalSection
	GlobalSection(ExtensibilityGlobals) = postSolution
		SolutionGuid = {76231E68-5F24-46ED-B389-3ED6ED580708}
	EndGlobalSection
EndGlobal
